apiVersion: vendir.k14s.io/v1alpha1
directories:
- contents:
  - git:
      commitTitle: 'Merge pull request #782 from mattpocock/changeset-release/main...'
      sha: 6acc160e4e0cd062dbbbd7a1b26ae92855edf07e
      tags:
      - v1.2.3
    path: .
  path: vendor/mattpocock-skills
- contents:
  - git:
      commitTitle: 'chore: sync SKILL.md copies [skip ci]'
      sha: fcf7663366c217dc8f334a11028de52ed950ceab
      tags:
      - v1.10.0
    path: .
  path: vendor/caveman
- contents:
  - git:
      commitTitle: 'chore: release v4.9.0 (#703)...'
      sha: 0a4dd63ad4541f4f655c4108a295916f3c1d8fda
      tags:
      - v4.9.0
    path: .
  path: vendor/ponytail
kind: LockConfig
