apiVersion: vendir.k14s.io/v1alpha1
directories:
- contents:
  - git:
      commitTitle: 'Merge pull request #1160 from mattpocock/changeset-release/main...'
      sha: 24fe0ef7737efae15c87225755e9f6f5965e4888
      tags:
      - v1.3.1
    path: .
  path: vendor/mattpocock-skills
- contents:
  - git:
      commitTitle: 'chore: release v4.10.0'
      sha: 1d95ff7d39de12d87014ea40d4e22201bddc501b
      tags:
      - v4.10.0
    path: .
  path: vendor/ponytail
kind: LockConfig
