apiVersion: vendir.k14s.io/v1alpha1
directories:
- contents:
  - git:
      commitTitle: 'refactor(to-tickets): remove redundant instructions for ticket
        implementation'
      sha: ed37663cc5fbef691ddfecd080dff42f7e7e350d
      tags:
      - v1.1.0-40-ged37663
    path: .
  path: vendor/mattpocock-skills
- contents:
  - git:
      commitTitle: 'chore: sync SKILL.md copies [skip ci]'
      sha: 0d95a81d35a9f2d123a5e9430d1cfc43d55f1bb0
      tags:
      - v1.9.1
    path: .
  path: vendor/caveman
- contents:
  - git:
      commitTitle: 'docs: FAQ entry on using caveman with ponytail (#599)...'
      sha: 16f29800fd2681bdf24f3eb4ccffe38be3baec6b
      tags:
      - v4.8.4-53-g16f2980
    path: .
  path: vendor/ponytail
kind: LockConfig
